
Microsoft Visual Studio Solution File, Format Version 12.00
# Visual Studio Version 17
VisualStudioVersion = 17.1.32328.378
MinimumVisualStudioVersion = 10.0.40219.1
Project("{9A19103F-16F7-4668-BE54-9A1E7A4F7556}") = "DotNetLexical", "DotNetLexical\DotNetLexical.csproj", "{F9B40FAB-32AE-457D-83B9-EEF98429C5DC}"
EndProject
Global
	GlobalSection(SolutionConfigurationPlatforms) = preSolution
		Debug|Any CPU = Debug|Any CPU
		Debug|x86 = Debug|x86
		Release|Any CPU = Release|Any CPU
		Release|x86 = Release|x86
	EndGlobalSection
	GlobalSection(ProjectConfigurationPlatforms) = postSolution
		{F9B40FAB-32AE-457D-83B9-EEF98429C5DC}.Debug|Any CPU.ActiveCfg = Debug|Any CPU
		{F9B40FAB-32AE-457D-83B9-EEF98429C5DC}.Debug|Any CPU.Build.0 = Debug|Any CPU
		{F9B40FAB-32AE-457D-83B9-EEF98429C5DC}.Debug|x86.ActiveCfg = Debug|Any CPU
		{F9B40FAB-32AE-457D-83B9-EEF98429C5DC}.Debug|x86.Build.0 = Debug|Any CPU
		{F9B40FAB-32AE-457D-83B9-EEF98429C5DC}.Release|Any CPU.ActiveCfg = Release|Any CPU
		{F9B40FAB-32AE-457D-83B9-EEF98429C5DC}.Release|Any CPU.Build.0 = Release|Any CPU
		{F9B40FAB-32AE-457D-83B9-EEF98429C5DC}.Release|x86.ActiveCfg = Release|Any CPU
		{F9B40FAB-32AE-457D-83B9-EEF98429C5DC}.Release|x86.Build.0 = Release|Any CPU
	EndGlobalSection
	GlobalSection(SolutionProperties) = preSolution
		HideSolutionNode = FALSE
	EndGlobalSection
	GlobalSection(ExtensibilityGlobals) = postSolution
		SolutionGuid = {3454FC8E-2B3D-45D3-AF08-BC4252420FCB}
	EndGlobalSection
EndGlobal
